<?xml version="1.0" encoding="utf-8"?>
<Project ToolsVersion="4.0" xmlns="http://schemas.microsoft.com/developer/msbuild/2003">
  <ItemGroup>
    <Filter Include="Source Files">
      <UniqueIdentifier>{4FC737F1-C7A5-4376-A066-2A32D752A2FF}</UniqueIdentifier>
      <Extensions>cpp;c;cc;cxx;c++;cppm;ixx;def;odl;idl;hpj;bat;asm;asmx</Extensions>
    </Filter>
    <Filter Include="Header Files">
      <UniqueIdentifier>{93995380-89BD-4b04-88EB-625FBE52EBFB}</UniqueIdentifier>
      <Extensions>h;hh;hpp;hxx;h++;hm;inl;inc;ipp;xsd</Extensions>
    </Filter>
    <Filter Include="Resource Files">
      <UniqueIdentifier>{67DA6AB6-F800-4c08-8B7A-83BB121AAD01}</UniqueIdentifier>
      <Extensions>rc;ico;cur;bmp;dlg;rc2;rct;bin;rgs;gif;jpg;jpeg;jpe;resx;tiff;tif;png;wav;mfcribbon-ms</Extensions>
    </Filter>
    <Filter Include="Publib">
      <UniqueIdentifier>{cb12ae31-dab2-4e3a-ab42-42522b92d3d8}</UniqueIdentifier>
    </Filter>
    <Filter Include="Publib\Json-1.8.3">
      <UniqueIdentifier>{c4871bef-5647-4d81-925f-f57b9f154cb3}</UniqueIdentifier>
    </Filter>
    <Filter Include="Publib\Json-1.8.3\Json">
      <UniqueIdentifier>{ecdd00f4-0ed4-4ced-819e-f93527b1ab9c}</UniqueIdentifier>
    </Filter>
  </ItemGroup>
  <ItemGroup>
    <ClInclude Include="IUIToolset.h">
      <Filter>Header Files</Filter>
    </ClInclude>
    <ClInclude Include="IUIToolsetDlg.h">
      <Filter>Header Files</Filter>
    </ClInclude>
    <ClInclude Include="framework.h">
      <Filter>Header Files</Filter>
    </ClInclude>
    <ClInclude Include="targetver.h">
      <Filter>Header Files</Filter>
    </ClInclude>
    <ClInclude Include="Resource.h">
      <Filter>Header Files</Filter>
    </ClInclude>
    <ClInclude Include="pch.h">
      <Filter>Header Files</Filter>
    </ClInclude>
    <ClInclude Include="Base64Page.h">
      <Filter>Header Files</Filter>
    </ClInclude>
    <ClInclude Include="..\..\Publib\String\String.h">
      <Filter>Publib</Filter>
    </ClInclude>
    <ClInclude Include="DropStatic.h">
      <Filter>Header Files</Filter>
    </ClInclude>
    <ClInclude Include="..\..\Publib\Crypt\Hash256.h">
      <Filter>Publib</Filter>
    </ClInclude>
    <ClInclude Include="Sha256Page.h">
      <Filter>Header Files</Filter>
    </ClInclude>
    <ClInclude Include="JsonPage.h">
      <Filter>Header Files</Filter>
    </ClInclude>
    <ClInclude Include="..\..\Publib\json-1.8.3\json_batchallocator.h">
      <Filter>Publib\Json-1.8.3</Filter>
    </ClInclude>
    <ClInclude Include="..\..\Publib\json-1.8.3\json_tool.h">
      <Filter>Publib\Json-1.8.3</Filter>
    </ClInclude>
    <ClInclude Include="..\..\Publib\json-1.8.3\JsonHelper.h">
      <Filter>Publib\Json-1.8.3</Filter>
    </ClInclude>
    <ClInclude Include="..\..\Publib\json-1.8.3\json\autolink.h">
      <Filter>Publib\Json-1.8.3\Json</Filter>
    </ClInclude>
    <ClInclude Include="..\..\Publib\json-1.8.3\json\config.h">
      <Filter>Publib\Json-1.8.3\Json</Filter>
    </ClInclude>
    <ClInclude Include="..\..\Publib\json-1.8.3\json\features.h">
      <Filter>Publib\Json-1.8.3\Json</Filter>
    </ClInclude>
    <ClInclude Include="..\..\Publib\json-1.8.3\json\forwards.h">
      <Filter>Publib\Json-1.8.3\Json</Filter>
    </ClInclude>
    <ClInclude Include="..\..\Publib\json-1.8.3\json\json.h">
      <Filter>Publib\Json-1.8.3\Json</Filter>
    </ClInclude>
    <ClInclude Include="..\..\Publib\json-1.8.3\json\reader.h">
      <Filter>Publib\Json-1.8.3\Json</Filter>
    </ClInclude>
    <ClInclude Include="..\..\Publib\json-1.8.3\json\value.h">
      <Filter>Publib\Json-1.8.3\Json</Filter>
    </ClInclude>
    <ClInclude Include="..\..\Publib\json-1.8.3\json\writer.h">
      <Filter>Publib\Json-1.8.3\Json</Filter>
    </ClInclude>
    <ClInclude Include="JsonRichEditCtrl.h">
      <Filter>Header Files</Filter>
    </ClInclude>
    <ClInclude Include="MaxLengthLinePage.h">
      <Filter>Header Files</Filter>
    </ClInclude>
    <ClInclude Include="PdfPage.h">
      <Filter>Header Files</Filter>
    </ClInclude>
  </ItemGroup>
  <ItemGroup>
    <ClCompile Include="IUIToolset.cpp">
      <Filter>Source Files</Filter>
    </ClCompile>
    <ClCompile Include="IUIToolsetDlg.cpp">
      <Filter>Source Files</Filter>
    </ClCompile>
    <ClCompile Include="pch.cpp">
      <Filter>Source Files</Filter>
    </ClCompile>
    <ClCompile Include="Base64Page.cpp">
      <Filter>Source Files</Filter>
    </ClCompile>
    <ClCompile Include="..\..\Publib\String\String.cpp">
      <Filter>Publib</Filter>
    </ClCompile>
    <ClCompile Include="DropStatic.cpp">
      <Filter>Source Files</Filter>
    </ClCompile>
    <ClCompile Include="..\..\Publib\Crypt\Hash256.cpp">
      <Filter>Publib</Filter>
    </ClCompile>
    <ClCompile Include="Sha256Page.cpp">
      <Filter>Source Files</Filter>
    </ClCompile>
    <ClCompile Include="JsonPage.cpp">
      <Filter>Source Files</Filter>
    </ClCompile>
    <ClCompile Include="..\..\Publib\json-1.8.3\json_reader.cpp">
      <Filter>Publib\Json-1.8.3</Filter>
    </ClCompile>
    <ClCompile Include="..\..\Publib\json-1.8.3\json_value.cpp">
      <Filter>Publib\Json-1.8.3</Filter>
    </ClCompile>
    <ClCompile Include="..\..\Publib\json-1.8.3\json_writer.cpp">
      <Filter>Publib\Json-1.8.3</Filter>
    </ClCompile>
    <ClCompile Include="JsonRichEditCtrl.cpp">
      <Filter>Source Files</Filter>
    </ClCompile>
    <ClCompile Include="MaxLengthLinePage.cpp">
      <Filter>Source Files</Filter>
    </ClCompile>
    <ClCompile Include="PdfPage.cpp">
      <Filter>Source Files</Filter>
    </ClCompile>
  </ItemGroup>
  <ItemGroup>
    <ResourceCompile Include="IUIToolset.rc">
      <Filter>Resource Files</Filter>
    </ResourceCompile>
  </ItemGroup>
  <ItemGroup>
    <None Include="res\IUIToolset.rc2">
      <Filter>Resource Files</Filter>
    </None>
    <None Include="..\..\Publib\json-1.8.3\json_internalarray.inl">
      <Filter>Publib\Json-1.8.3</Filter>
    </None>
    <None Include="..\..\Publib\json-1.8.3\json_internalmap.inl">
      <Filter>Publib\Json-1.8.3</Filter>
    </None>
    <None Include="..\..\Publib\json-1.8.3\json_valueiterator.inl">
      <Filter>Publib\Json-1.8.3</Filter>
    </None>
  </ItemGroup>
  <ItemGroup>
    <Image Include="res\IUIToolset.ico">
      <Filter>Resource Files</Filter>
    </Image>
  </ItemGroup>
</Project>